
Microsoft Visual Studio Solution File, Format Version 12.00
# Visual Studio Version 17
VisualStudioVersion = 17.3.32922.545
MinimumVisualStudioVersion = 10.0.40219.1
Project("{FAE04EC0-301F-11D3-BF4B-00C04F79EFBC}") = "Domain", "Domain\Domain.csproj", "{059C3C1E-7AD9-40EC-BA20-D756FDCD8AA8}"
EndProject
Project("{FAE04EC0-301F-11D3-BF4B-00C04F79EFBC}") = "Application", "Application\Application.csproj", "{35F299E8-B579-4389-A8E8-3616AC48CEB7}"
EndProject
Project("{FAE04EC0-301F-11D3-BF4B-00C04F79EFBC}") = "Infrastructure", "Infrastructure\Infrastructure.csproj", "{315B020A-8855-4DFD-8A6D-837BCF582E04}"
EndProject
Project("{FAE04EC0-301F-11D3-BF4B-00C04F79EFBC}") = "WebApi", "WebApi\WebApi.csproj", "{C226DAB6-2008-4410-BF34-FBD1C6CA5A32}"
EndProject
Global
	GlobalSection(SolutionConfigurationPlatforms) = preSolution
		Debug|Any CPU = Debug|Any CPU
		Release|Any CPU = Release|Any CPU
	EndGlobalSection
	GlobalSection(ProjectConfigurationPlatforms) = postSolution
		{059C3C1E-7AD9-40EC-BA20-D756FDCD8AA8}.Debug|Any CPU.ActiveCfg = Debug|Any CPU
		{059C3C1E-7AD9-40EC-BA20-D756FDCD8AA8}.Debug|Any CPU.Build.0 = Debug|Any CPU
		{059C3C1E-7AD9-40EC-BA20-D756FDCD8AA8}.Release|Any CPU.ActiveCfg = Release|Any CPU
		{059C3C1E-7AD9-40EC-BA20-D756FDCD8AA8}.Release|Any CPU.Build.0 = Release|Any CPU
		{35F299E8-B579-4389-A8E8-3616AC48CEB7}.Debug|Any CPU.ActiveCfg = Debug|Any CPU
		{35F299E8-B579-4389-A8E8-3616AC48CEB7}.Debug|Any CPU.Build.0 = Debug|Any CPU
		{35F299E8-B579-4389-A8E8-3616AC48CEB7}.Release|Any CPU.ActiveCfg = Release|Any CPU
		{35F299E8-B579-4389-A8E8-3616AC48CEB7}.Release|Any CPU.Build.0 = Release|Any CPU
		{315B020A-8855-4DFD-8A6D-837BCF582E04}.Debug|Any CPU.ActiveCfg = Debug|Any CPU
		{315B020A-8855-4DFD-8A6D-837BCF582E04}.Debug|Any CPU.Build.0 = Debug|Any CPU
		{315B020A-8855-4DFD-8A6D-837BCF582E04}.Release|Any CPU.ActiveCfg = Release|Any CPU
		{315B020A-8855-4DFD-8A6D-837BCF582E04}.Release|Any CPU.Build.0 = Release|Any CPU
		{C226DAB6-2008-4410-BF34-FBD1C6CA5A32}.Debug|Any CPU.ActiveCfg = Debug|Any CPU
		{C226DAB6-2008-4410-BF34-FBD1C6CA5A32}.Debug|Any CPU.Build.0 = Debug|Any CPU
		{C226DAB6-2008-4410-BF34-FBD1C6CA5A32}.Release|Any CPU.ActiveCfg = Release|Any CPU
		{C226DAB6-2008-4410-BF34-FBD1C6CA5A32}.Release|Any CPU.Build.0 = Release|Any CPU
	EndGlobalSection
	GlobalSection(SolutionProperties) = preSolution
		HideSolutionNode = FALSE
	EndGlobalSection
	GlobalSection(ExtensibilityGlobals) = postSolution
		SolutionGuid = {2BFDAC3E-51FB-4308-B30E-A18F94297CED}
	EndGlobalSection
EndGlobal
